
Microsoft Visual Studio Solution File, Format Version 12.00
# Visual Studio Version 17
VisualStudioVersion = 17.2.32519.379
MinimumVisualStudioVersion = 10.0.40219.1
Project("{FAE04EC0-301F-11D3-BF4B-00C04F79EFBC}") = "BiyoInformatikFinalProject", "BiyoInformatikFinalProject\BiyoInformatikFinalProject.csproj", "{48D42E81-4BD0-4682-A622-C9FF36E46DBC}"
EndProject
Global
	GlobalSection(SolutionConfigurationPlatforms) = preSolution
		Debug|Any CPU = Debug|Any CPU
		Release|Any CPU = Release|Any CPU
	EndGlobalSection
	GlobalSection(ProjectConfigurationPlatforms) = postSolution
		{48D42E81-4BD0-4682-A622-C9FF36E46DBC}.Debug|Any CPU.ActiveCfg = Debug|Any CPU
		{48D42E81-4BD0-4682-A622-C9FF36E46DBC}.Debug|Any CPU.Build.0 = Debug|Any CPU
		{48D42E81-4BD0-4682-A622-C9FF36E46DBC}.Release|Any CPU.ActiveCfg = Release|Any CPU
		{48D42E81-4BD0-4682-A622-C9FF36E46DBC}.Release|Any CPU.Build.0 = Release|Any CPU
	EndGlobalSection
	GlobalSection(SolutionProperties) = preSolution
		HideSolutionNode = FALSE
	EndGlobalSection
	GlobalSection(ExtensibilityGlobals) = postSolution
		SolutionGuid = {00B311C9-CC6F-4B5A-B88F-8CFABD345A8F}
	EndGlobalSection
EndGlobal
